
Microsoft Visual Studio Solution File, Format Version 12.00
# Visual Studio 14
VisualStudioVersion = 14.0.25420.1
MinimumVisualStudioVersion = 10.0.40219.1
Project("{FAE04EC0-301F-11D3-BF4B-00C04F79EFBC}") = "EmployeeManager", "EmployeeManager\EmployeeManager.csproj", "{C71FB32D-068D-4076-AF33-3E80AC16B894}"
EndProject
Project("{FAE04EC0-301F-11D3-BF4B-00C04F79EFBC}") = "EmployeeManager.Droid", "EmployeeManager.Droid\EmployeeManager.Droid.csproj", "{49734156-51D5-49AF-A30F-EBC2565B116A}"
EndProject
Project("{FAE04EC0-301F-11D3-BF4B-00C04F79EFBC}") = "EmployeeManager.iOS", "EmployeeManager.iOS\EmployeeManager.iOS.csproj", "{163AF903-72EF-44C4-A1A2-D218754A6E97}"
EndProject
Project("{FAE04EC0-301F-11D3-BF4B-00C04F79EFBC}") = "EmployeeManager.UWP", "EmployeeManager.UWP\EmployeeManager.UWP.csproj", "{FCAECCF5-FBB8-4C5F-9C6C-2C890A9A156E}"
EndProject
Project("{FAE04EC0-301F-11D3-BF4B-00C04F79EFBC}") = "EmployeeManager.Application", "EmployeeManager.Application\EmployeeManager.Application.csproj", "{28F80F49-BFA3-43FD-A123-542F66579C59}"
EndProject
Project("{FAE04EC0-301F-11D3-BF4B-00C04F79EFBC}") = "EmployeeManager.Views", "EmployeeManager.Views\EmployeeManager.Views.csproj", "{A2D36692-7BE9-47D4-8872-9E6502FF0553}"
EndProject
Project("{FAE04EC0-301F-11D3-BF4B-00C04F79EFBC}") = "EmployeeManager.ViewModels", "EmployeeManager.ViewModels\EmployeeManager.ViewModels.csproj", "{06A11804-9651-4EA2-B9C3-BF84417B14A0}"
EndProject
Project("{2150E333-8FDC-42A3-9474-1A3956D46DE8}") = "Platforms", "Platforms", "{D95BA78E-E085-4344-A008-6521C0A522E1}"
EndProject
Project("{FAE04EC0-301F-11D3-BF4B-00C04F79EFBC}") = "EmployeeManager.Models.Usecases", "EmployeeManager.Models.Usecases\EmployeeManager.Models.Usecases.csproj", "{68833F2F-10E7-4EE5-BFD0-E21C5099B56F}"
EndProject
Project("{FAE04EC0-301F-11D3-BF4B-00C04F79EFBC}") = "EmployeeManager.Models.Services", "EmployeeManager.Models.Services\EmployeeManager.Models.Services.csproj", "{99957E23-626C-4D84-AEEA-BB0AE3D1B46A}"
EndProject
Project("{FAE04EC0-301F-11D3-BF4B-00C04F79EFBC}") = "EmployeeManager.Models.Services.Local", "EmployeeManager.Models.Services.Local\EmployeeManager.Models.Services.Local.csproj", "{701B47DD-BC4E-4C6D-9204-EDF74962BFF8}"
EndProject
Project("{FAE04EC0-301F-11D3-BF4B-00C04F79EFBC}") = "NextGateForPrism", "NextGateForPrism\NextGateForPrism.csproj", "{7614E658-F030-416B-8448-37412A1BB048}"
EndProject
Global
	GlobalSection(SolutionConfigurationPlatforms) = preSolution
		Ad-Hoc|Any CPU = Ad-Hoc|Any CPU
		Ad-Hoc|ARM = Ad-Hoc|ARM
		Ad-Hoc|iPhone = Ad-Hoc|iPhone
		Ad-Hoc|iPhoneSimulator = Ad-Hoc|iPhoneSimulator
		Ad-Hoc|x64 = Ad-Hoc|x64
		Ad-Hoc|x86 = Ad-Hoc|x86
		AppStore|Any CPU = AppStore|Any CPU
		AppStore|ARM = AppStore|ARM
		AppStore|iPhone = AppStore|iPhone
		AppStore|iPhoneSimulator = AppStore|iPhoneSimulator
		AppStore|x64 = AppStore|x64
		AppStore|x86 = AppStore|x86
		Debug|Any CPU = Debug|Any CPU
		Debug|ARM = Debug|ARM
		Debug|iPhone = Debug|iPhone
		Debug|iPhoneSimulator = Debug|iPhoneSimulator
		Debug|x64 = Debug|x64
		Debug|x86 = Debug|x86
		Release|Any CPU = Release|Any CPU
		Release|ARM = Release|ARM
		Release|iPhone = Release|iPhone
		Release|iPhoneSimulator = Release|iPhoneSimulator
		Release|x64 = Release|x64
		Release|x86 = Release|x86
	EndGlobalSection
	GlobalSection(ProjectConfigurationPlatforms) = postSolution
		{C71FB32D-068D-4076-AF33-3E80AC16B894}.Ad-Hoc|Any CPU.ActiveCfg = Release|Any CPU
		{C71FB32D-068D-4076-AF33-3E80AC16B894}.Ad-Hoc|Any CPU.Build.0 = Release|Any CPU
		{C71FB32D-068D-4076-AF33-3E80AC16B894}.Ad-Hoc|ARM.ActiveCfg = Release|Any CPU
		{C71FB32D-068D-4076-AF33-3E80AC16B894}.Ad-Hoc|ARM.Build.0 = Release|Any CPU
		{C71FB32D-068D-4076-AF33-3E80AC16B894}.Ad-Hoc|iPhone.ActiveCfg = Release|Any CPU
		{C71FB32D-068D-4076-AF33-3E80AC16B894}.Ad-Hoc|iPhone.Build.0 = Release|Any CPU
		{C71FB32D-068D-4076-AF33-3E80AC16B894}.Ad-Hoc|iPhoneSimulator.ActiveCfg = Release|Any CPU
		{C71FB32D-068D-4076-AF33-3E80AC16B894}.Ad-Hoc|iPhoneSimulator.Build.0 = Release|Any CPU
		{C71FB32D-068D-4076-AF33-3E80AC16B894}.Ad-Hoc|x64.ActiveCfg = Release|Any CPU
		{C71FB32D-068D-4076-AF33-3E80AC16B894}.Ad-Hoc|x64.Build.0 = Release|Any CPU
		{C71FB32D-068D-4076-AF33-3E80AC16B894}.Ad-Hoc|x86.ActiveCfg = Release|Any CPU
		{C71FB32D-068D-4076-AF33-3E80AC16B894}.Ad-Hoc|x86.Build.0 = Release|Any CPU
		{C71FB32D-068D-4076-AF33-3E80AC16B894}.AppStore|Any CPU.ActiveCfg = Release|Any CPU
		{C71FB32D-068D-4076-AF33-3E80AC16B894}.AppStore|Any CPU.Build.0 = Release|Any CPU
		{C71FB32D-068D-4076-AF33-3E80AC16B894}.AppStore|ARM.ActiveCfg = Release|Any CPU
		{C71FB32D-068D-4076-AF33-3E80AC16B894}.AppStore|ARM.Build.0 = Release|Any CPU
		{C71FB32D-068D-4076-AF33-3E80AC16B894}.AppStore|iPhone.ActiveCfg = Release|Any CPU
		{C71FB32D-068D-4076-AF33-3E80AC16B894}.AppStore|iPhone.Build.0 = Release|Any CPU
		{C71FB32D-068D-4076-AF33-3E80AC16B894}.AppStore|iPhoneSimulator.ActiveCfg = Release|Any CPU
		{C71FB32D-068D-4076-AF33-3E80AC16B894}.AppStore|iPhoneSimulator.Build.0 = Release|Any CPU
		{C71FB32D-068D-4076-AF33-3E80AC16B894}.AppStore|x64.ActiveCfg = Release|Any CPU
		{C71FB32D-068D-4076-AF33-3E80AC16B894}.AppStore|x64.Build.0 = Release|Any CPU
		{C71FB32D-068D-4076-AF33-3E80AC16B894}.AppStore|x86.ActiveCfg = Release|Any CPU
		{C71FB32D-068D-4076-AF33-3E80AC16B894}.AppStore|x86.Build.0 = Release|Any CPU
		{C71FB32D-068D-4076-AF33-3E80AC16B894}.Debug|Any CPU.ActiveCfg = Debug|Any CPU
		{C71FB32D-068D-4076-AF33-3E80AC16B894}.Debug|Any CPU.Build.0 = Debug|Any CPU
		{C71FB32D-068D-4076-AF33-3E80AC16B894}.Debug|ARM.ActiveCfg = Debug|Any CPU
		{C71FB32D-068D-4076-AF33-3E80AC16B894}.Debug|ARM.Build.0 = Debug|Any CPU
		{C71FB32D-068D-4076-AF33-3E80AC16B894}.Debug|iPhone.ActiveCfg = Debug|Any CPU
		{C71FB32D-068D-4076-AF33-3E80AC16B894}.Debug|iPhone.Build.0 = Debug|Any CPU
		{C71FB32D-068D-4076-AF33-3E80AC16B894}.Debug|iPhoneSimulator.ActiveCfg = Debug|Any CPU
		{C71FB32D-068D-4076-AF33-3E80AC16B894}.Debug|iPhoneSimulator.Build.0 = Debug|Any CPU
		{C71FB32D-068D-4076-AF33-3E80AC16B894}.Debug|x64.ActiveCfg = Debug|Any CPU
		{C71FB32D-068D-4076-AF33-3E80AC16B894}.Debug|x64.Build.0 = Debug|Any CPU
		{C71FB32D-068D-4076-AF33-3E80AC16B894}.Debug|x86.ActiveCfg = Debug|Any CPU
		{C71FB32D-068D-4076-AF33-3E80AC16B894}.Debug|x86.Build.0 = Debug|Any CPU
		{C71FB32D-068D-4076-AF33-3E80AC16B894}.Release|Any CPU.ActiveCfg = Release|Any CPU
		{C71FB32D-068D-4076-AF33-3E80AC16B894}.Release|Any CPU.Build.0 = Release|Any CPU
		{C71FB32D-068D-4076-AF33-3E80AC16B894}.Release|ARM.ActiveCfg = Release|Any CPU
		{C71FB32D-068D-4076-AF33-3E80AC16B894}.Release|ARM.Build.0 = Release|Any CPU
		{C71FB32D-068D-4076-AF33-3E80AC16B894}.Release|iPhone.ActiveCfg = Release|Any CPU
		{C71FB32D-068D-4076-AF33-3E80AC16B894}.Release|iPhone.Build.0 = Release|Any CPU
		{C71FB32D-068D-4076-AF33-3E80AC16B894}.Release|iPhoneSimulator.ActiveCfg = Release|Any CPU
		{C71FB32D-068D-4076-AF33-3E80AC16B894}.Release|iPhoneSimulator.Build.0 = Release|Any CPU
		{C71FB32D-068D-4076-AF33-3E80AC16B894}.Release|x64.ActiveCfg = Release|Any CPU
		{C71FB32D-068D-4076-AF33-3E80AC16B894}.Release|x64.Build.0 = Release|Any CPU
		{C71FB32D-068D-4076-AF33-3E80AC16B894}.Release|x86.ActiveCfg = Release|Any CPU
		{C71FB32D-068D-4076-AF33-3E80AC16B894}.Release|x86.Build.0 = Release|Any CPU
		{49734156-51D5-49AF-A30F-EBC2565B116A}.Ad-Hoc|Any CPU.ActiveCfg = Release|Any CPU
		{49734156-51D5-49AF-A30F-EBC2565B116A}.Ad-Hoc|Any CPU.Build.0 = Release|Any CPU
		{49734156-51D5-49AF-A30F-EBC2565B116A}.Ad-Hoc|Any CPU.Deploy.0 = Release|Any CPU
		{49734156-51D5-49AF-A30F-EBC2565B116A}.Ad-Hoc|ARM.ActiveCfg = Release|Any CPU
		{49734156-51D5-49AF-A30F-EBC2565B116A}.Ad-Hoc|ARM.Build.0 = Release|Any CPU
		{49734156-51D5-49AF-A30F-EBC2565B116A}.Ad-Hoc|ARM.Deploy.0 = Release|Any CPU
		{49734156-51D5-49AF-A30F-EBC2565B116A}.Ad-Hoc|iPhone.ActiveCfg = Release|Any CPU
		{49734156-51D5-49AF-A30F-EBC2565B116A}.Ad-Hoc|iPhone.Build.0 = Release|Any CPU
		{49734156-51D5-49AF-A30F-EBC2565B116A}.Ad-Hoc|iPhone.Deploy.0 = Release|Any CPU
		{49734156-51D5-49AF-A30F-EBC2565B116A}.Ad-Hoc|iPhoneSimulator.ActiveCfg = Release|Any CPU
		{49734156-51D5-49AF-A30F-EBC2565B116A}.Ad-Hoc|iPhoneSimulator.Build.0 = Release|Any CPU
		{49734156-51D5-49AF-A30F-EBC2565B116A}.Ad-Hoc|iPhoneSimulator.Deploy.0 = Release|Any CPU
		{49734156-51D5-49AF-A30F-EBC2565B116A}.Ad-Hoc|x64.ActiveCfg = Release|Any CPU
		{49734156-51D5-49AF-A30F-EBC2565B116A}.Ad-Hoc|x64.Build.0 = Release|Any CPU
		{49734156-51D5-49AF-A30F-EBC2565B116A}.Ad-Hoc|x64.Deploy.0 = Release|Any CPU
		{49734156-51D5-49AF-A30F-EBC2565B116A}.Ad-Hoc|x86.ActiveCfg = Release|Any CPU
		{49734156-51D5-49AF-A30F-EBC2565B116A}.Ad-Hoc|x86.Build.0 = Release|Any CPU
		{49734156-51D5-49AF-A30F-EBC2565B116A}.Ad-Hoc|x86.Deploy.0 = Release|Any CPU
		{49734156-51D5-49AF-A30F-EBC2565B116A}.AppStore|Any CPU.ActiveCfg = Release|Any CPU
		{49734156-51D5-49AF-A30F-EBC2565B116A}.AppStore|Any CPU.Build.0 = Release|Any CPU
		{49734156-51D5-49AF-A30F-EBC2565B116A}.AppStore|Any CPU.Deploy.0 = Release|Any CPU
		{49734156-51D5-49AF-A30F-EBC2565B116A}.AppStore|ARM.ActiveCfg = Release|Any CPU
		{49734156-51D5-49AF-A30F-EBC2565B116A}.AppStore|ARM.Build.0 = Release|Any CPU
		{49734156-51D5-49AF-A30F-EBC2565B116A}.AppStore|ARM.Deploy.0 = Release|Any CPU
		{49734156-51D5-49AF-A30F-EBC2565B116A}.AppStore|iPhone.ActiveCfg = Release|Any CPU
		{49734156-51D5-49AF-A30F-EBC2565B116A}.AppStore|iPhone.Build.0 = Release|Any CPU
		{49734156-51D5-49AF-A30F-EBC2565B116A}.AppStore|iPhone.Deploy.0 = Release|Any CPU
		{49734156-51D5-49AF-A30F-EBC2565B116A}.AppStore|iPhoneSimulator.ActiveCfg = Release|Any CPU
		{49734156-51D5-49AF-A30F-EBC2565B116A}.AppStore|iPhoneSimulator.Build.0 = Release|Any CPU
		{49734156-51D5-49AF-A30F-EBC2565B116A}.AppStore|iPhoneSimulator.Deploy.0 = Release|Any CPU
		{49734156-51D5-49AF-A30F-EBC2565B116A}.AppStore|x64.ActiveCfg = Release|Any CPU
		{49734156-51D5-49AF-A30F-EBC2565B116A}.AppStore|x64.Build.0 = Release|Any CPU
		{49734156-51D5-49AF-A30F-EBC2565B116A}.AppStore|x64.Deploy.0 = Release|Any CPU
		{49734156-51D5-49AF-A30F-EBC2565B116A}.AppStore|x86.ActiveCfg = Release|Any CPU
		{49734156-51D5-49AF-A30F-EBC2565B116A}.AppStore|x86.Build.0 = Release|Any CPU
		{49734156-51D5-49AF-A30F-EBC2565B116A}.AppStore|x86.Deploy.0 = Release|Any CPU
		{49734156-51D5-49AF-A30F-EBC2565B116A}.Debug|Any CPU.ActiveCfg = Debug|Any CPU
		{49734156-51D5-49AF-A30F-EBC2565B116A}.Debug|Any CPU.Build.0 = Debug|Any CPU
		{49734156-51D5-49AF-A30F-EBC2565B116A}.Debug|Any CPU.Deploy.0 = Debug|Any CPU
		{49734156-51D5-49AF-A30F-EBC2565B116A}.Debug|ARM.ActiveCfg = Debug|Any CPU
		{49734156-51D5-49AF-A30F-EBC2565B116A}.Debug|ARM.Build.0 = Debug|Any CPU
		{49734156-51D5-49AF-A30F-EBC2565B116A}.Debug|ARM.Deploy.0 = Debug|Any CPU
		{49734156-51D5-49AF-A30F-EBC2565B116A}.Debug|iPhone.ActiveCfg = Debug|Any CPU
		{49734156-51D5-49AF-A30F-EBC2565B116A}.Debug|iPhone.Build.0 = Debug|Any CPU
		{49734156-51D5-49AF-A30F-EBC2565B116A}.Debug|iPhone.Deploy.0 = Debug|Any CPU
		{49734156-51D5-49AF-A30F-EBC2565B116A}.Debug|iPhoneSimulator.ActiveCfg = Debug|Any CPU
		{49734156-51D5-49AF-A30F-EBC2565B116A}.Debug|iPhoneSimulator.Build.0 = Debug|Any CPU
		{49734156-51D5-49AF-A30F-EBC2565B116A}.Debug|iPhoneSimulator.Deploy.0 = Debug|Any CPU
		{49734156-51D5-49AF-A30F-EBC2565B116A}.Debug|x64.ActiveCfg = Debug|Any CPU
		{49734156-51D5-49AF-A30F-EBC2565B116A}.Debug|x64.Build.0 = Debug|Any CPU
		{49734156-51D5-49AF-A30F-EBC2565B116A}.Debug|x64.Deploy.0 = Debug|Any CPU
		{49734156-51D5-49AF-A30F-EBC2565B116A}.Debug|x86.ActiveCfg = Debug|Any CPU
		{49734156-51D5-49AF-A30F-EBC2565B116A}.Debug|x86.Build.0 = Debug|Any CPU
		{49734156-51D5-49AF-A30F-EBC2565B116A}.Debug|x86.Deploy.0 = Debug|Any CPU
		{49734156-51D5-49AF-A30F-EBC2565B116A}.Release|Any CPU.ActiveCfg = Release|Any CPU
		{49734156-51D5-49AF-A30F-EBC2565B116A}.Release|Any CPU.Build.0 = Release|Any CPU
		{49734156-51D5-49AF-A30F-EBC2565B116A}.Release|Any CPU.Deploy.0 = Release|Any CPU
		{49734156-51D5-49AF-A30F-EBC2565B116A}.Release|ARM.ActiveCfg = Release|Any CPU
		{49734156-51D5-49AF-A30F-EBC2565B116A}.Release|ARM.Build.0 = Release|Any CPU
		{49734156-51D5-49AF-A30F-EBC2565B116A}.Release|ARM.Deploy.0 = Release|Any CPU
		{49734156-51D5-49AF-A30F-EBC2565B116A}.Release|iPhone.ActiveCfg = Release|Any CPU
		{49734156-51D5-49AF-A30F-EBC2565B116A}.Release|iPhone.Build.0 = Release|Any CPU
		{49734156-51D5-49AF-A30F-EBC2565B116A}.Release|iPhone.Deploy.0 = Release|Any CPU
		{49734156-51D5-49AF-A30F-EBC2565B116A}.Release|iPhoneSimulator.ActiveCfg = Release|Any CPU
		{49734156-51D5-49AF-A30F-EBC2565B116A}.Release|iPhoneSimulator.Build.0 = Release|Any CPU
		{49734156-51D5-49AF-A30F-EBC2565B116A}.Release|iPhoneSimulator.Deploy.0 = Release|Any CPU
		{49734156-51D5-49AF-A30F-EBC2565B116A}.Release|x64.ActiveCfg = Release|Any CPU
		{49734156-51D5-49AF-A30F-EBC2565B116A}.Release|x64.Build.0 = Release|Any CPU
		{49734156-51D5-49AF-A30F-EBC2565B116A}.Release|x64.Deploy.0 = Release|Any CPU
		{49734156-51D5-49AF-A30F-EBC2565B116A}.Release|x86.ActiveCfg = Release|Any CPU
		{49734156-51D5-49AF-A30F-EBC2565B116A}.Release|x86.Build.0 = Release|Any CPU
		{49734156-51D5-49AF-A30F-EBC2565B116A}.Release|x86.Deploy.0 = Release|Any CPU
		{163AF903-72EF-44C4-A1A2-D218754A6E97}.Ad-Hoc|Any CPU.ActiveCfg = Ad-Hoc|iPhone
		{163AF903-72EF-44C4-A1A2-D218754A6E97}.Ad-Hoc|ARM.ActiveCfg = Ad-Hoc|iPhone
		{163AF903-72EF-44C4-A1A2-D218754A6E97}.Ad-Hoc|iPhone.ActiveCfg = Ad-Hoc|iPhone
		{163AF903-72EF-44C4-A1A2-D218754A6E97}.Ad-Hoc|iPhone.Build.0 = Ad-Hoc|iPhone
		{163AF903-72EF-44C4-A1A2-D218754A6E97}.Ad-Hoc|iPhoneSimulator.ActiveCfg = Ad-Hoc|iPhoneSimulator
		{163AF903-72EF-44C4-A1A2-D218754A6E97}.Ad-Hoc|iPhoneSimulator.Build.0 = Ad-Hoc|iPhoneSimulator
		{163AF903-72EF-44C4-A1A2-D218754A6E97}.Ad-Hoc|x64.ActiveCfg = Ad-Hoc|iPhone
		{163AF903-72EF-44C4-A1A2-D218754A6E97}.Ad-Hoc|x86.ActiveCfg = Ad-Hoc|iPhone
		{163AF903-72EF-44C4-A1A2-D218754A6E97}.AppStore|Any CPU.ActiveCfg = AppStore|iPhone
		{163AF903-72EF-44C4-A1A2-D218754A6E97}.AppStore|ARM.ActiveCfg = AppStore|iPhone
		{163AF903-72EF-44C4-A1A2-D218754A6E97}.AppStore|iPhone.ActiveCfg = AppStore|iPhone
		{163AF903-72EF-44C4-A1A2-D218754A6E97}.AppStore|iPhone.Build.0 = AppStore|iPhone
		{163AF903-72EF-44C4-A1A2-D218754A6E97}.AppStore|iPhoneSimulator.ActiveCfg = AppStore|iPhoneSimulator
		{163AF903-72EF-44C4-A1A2-D218754A6E97}.AppStore|iPhoneSimulator.Build.0 = AppStore|iPhoneSimulator
		{163AF903-72EF-44C4-A1A2-D218754A6E97}.AppStore|x64.ActiveCfg = AppStore|iPhone
		{163AF903-72EF-44C4-A1A2-D218754A6E97}.AppStore|x86.ActiveCfg = AppStore|iPhone
		{163AF903-72EF-44C4-A1A2-D218754A6E97}.Debug|Any CPU.ActiveCfg = Debug|iPhoneSimulator
		{163AF903-72EF-44C4-A1A2-D218754A6E97}.Debug|Any CPU.Build.0 = Debug|iPhoneSimulator
		{163AF903-72EF-44C4-A1A2-D218754A6E97}.Debug|ARM.ActiveCfg = Debug|iPhone
		{163AF903-72EF-44C4-A1A2-D218754A6E97}.Debug|iPhone.ActiveCfg = Debug|iPhone
		{163AF903-72EF-44C4-A1A2-D218754A6E97}.Debug|iPhone.Build.0 = Debug|iPhone
		{163AF903-72EF-44C4-A1A2-D218754A6E97}.Debug|iPhoneSimulator.ActiveCfg = Debug|iPhoneSimulator
		{163AF903-72EF-44C4-A1A2-D218754A6E97}.Debug|iPhoneSimulator.Build.0 = Debug|iPhoneSimulator
		{163AF903-72EF-44C4-A1A2-D218754A6E97}.Debug|x64.ActiveCfg = Debug|iPhone
		{163AF903-72EF-44C4-A1A2-D218754A6E97}.Debug|x86.ActiveCfg = Debug|iPhone
		{163AF903-72EF-44C4-A1A2-D218754A6E97}.Release|Any CPU.ActiveCfg = Release|iPhone
		{163AF903-72EF-44C4-A1A2-D218754A6E97}.Release|ARM.ActiveCfg = Release|iPhone
		{163AF903-72EF-44C4-A1A2-D218754A6E97}.Release|iPhone.ActiveCfg = Release|iPhone
		{163AF903-72EF-44C4-A1A2-D218754A6E97}.Release|iPhone.Build.0 = Release|iPhone
		{163AF903-72EF-44C4-A1A2-D218754A6E97}.Release|iPhoneSimulator.ActiveCfg = Release|iPhoneSimulator
		{163AF903-72EF-44C4-A1A2-D218754A6E97}.Release|iPhoneSimulator.Build.0 = Release|iPhoneSimulator
		{163AF903-72EF-44C4-A1A2-D218754A6E97}.Release|x64.ActiveCfg = Release|iPhone
		{163AF903-72EF-44C4-A1A2-D218754A6E97}.Release|x86.ActiveCfg = Release|iPhone
		{FCAECCF5-FBB8-4C5F-9C6C-2C890A9A156E}.Ad-Hoc|Any CPU.ActiveCfg = Release|x86
		{FCAECCF5-FBB8-4C5F-9C6C-2C890A9A156E}.Ad-Hoc|Any CPU.Build.0 = Release|x86
		{FCAECCF5-FBB8-4C5F-9C6C-2C890A9A156E}.Ad-Hoc|Any CPU.Deploy.0 = Release|x86
		{FCAECCF5-FBB8-4C5F-9C6C-2C890A9A156E}.Ad-Hoc|ARM.ActiveCfg = Release|ARM
		{FCAECCF5-FBB8-4C5F-9C6C-2C890A9A156E}.Ad-Hoc|ARM.Build.0 = Release|ARM
		{FCAECCF5-FBB8-4C5F-9C6C-2C890A9A156E}.Ad-Hoc|ARM.Deploy.0 = Release|ARM
		{FCAECCF5-FBB8-4C5F-9C6C-2C890A9A156E}.Ad-Hoc|iPhone.ActiveCfg = Release|x86
		{FCAECCF5-FBB8-4C5F-9C6C-2C890A9A156E}.Ad-Hoc|iPhone.Build.0 = Release|x86
		{FCAECCF5-FBB8-4C5F-9C6C-2C890A9A156E}.Ad-Hoc|iPhone.Deploy.0 = Release|x86
		{FCAECCF5-FBB8-4C5F-9C6C-2C890A9A156E}.Ad-Hoc|iPhoneSimulator.ActiveCfg = Release|x86
		{FCAECCF5-FBB8-4C5F-9C6C-2C890A9A156E}.Ad-Hoc|iPhoneSimulator.Build.0 = Release|x86
		{FCAECCF5-FBB8-4C5F-9C6C-2C890A9A156E}.Ad-Hoc|iPhoneSimulator.Deploy.0 = Release|x86
		{FCAECCF5-FBB8-4C5F-9C6C-2C890A9A156E}.Ad-Hoc|x64.ActiveCfg = Release|x64
		{FCAECCF5-FBB8-4C5F-9C6C-2C890A9A156E}.Ad-Hoc|x64.Build.0 = Release|x64
		{FCAECCF5-FBB8-4C5F-9C6C-2C890A9A156E}.Ad-Hoc|x64.Deploy.0 = Release|x64
		{FCAECCF5-FBB8-4C5F-9C6C-2C890A9A156E}.Ad-Hoc|x86.ActiveCfg = Release|x86
		{FCAECCF5-FBB8-4C5F-9C6C-2C890A9A156E}.Ad-Hoc|x86.Build.0 = Release|x86
		{FCAECCF5-FBB8-4C5F-9C6C-2C890A9A156E}.Ad-Hoc|x86.Deploy.0 = Release|x86
		{FCAECCF5-FBB8-4C5F-9C6C-2C890A9A156E}.AppStore|Any CPU.ActiveCfg = Release|x86
		{FCAECCF5-FBB8-4C5F-9C6C-2C890A9A156E}.AppStore|Any CPU.Build.0 = Release|x86
		{FCAECCF5-FBB8-4C5F-9C6C-2C890A9A156E}.AppStore|Any CPU.Deploy.0 = Release|x86
		{FCAECCF5-FBB8-4C5F-9C6C-2C890A9A156E}.AppStore|ARM.ActiveCfg = Release|ARM
		{FCAECCF5-FBB8-4C5F-9C6C-2C890A9A156E}.AppStore|ARM.Build.0 = Release|ARM
		{FCAECCF5-FBB8-4C5F-9C6C-2C890A9A156E}.AppStore|ARM.Deploy.0 = Release|ARM
		{FCAECCF5-FBB8-4C5F-9C6C-2C890A9A156E}.AppStore|iPhone.ActiveCfg = Release|x86
		{FCAECCF5-FBB8-4C5F-9C6C-2C890A9A156E}.AppStore|iPhone.Build.0 = Release|x86
		{FCAECCF5-FBB8-4C5F-9C6C-2C890A9A156E}.AppStore|iPhone.Deploy.0 = Release|x86
		{FCAECCF5-FBB8-4C5F-9C6C-2C890A9A156E}.AppStore|iPhoneSimulator.ActiveCfg = Release|x86
		{FCAECCF5-FBB8-4C5F-9C6C-2C890A9A156E}.AppStore|iPhoneSimulator.Build.0 = Release|x86
		{FCAECCF5-FBB8-4C5F-9C6C-2C890A9A156E}.AppStore|iPhoneSimulator.Deploy.0 = Release|x86
		{FCAECCF5-FBB8-4C5F-9C6C-2C890A9A156E}.AppStore|x64.ActiveCfg = Release|x64
		{FCAECCF5-FBB8-4C5F-9C6C-2C890A9A156E}.AppStore|x64.Build.0 = Release|x64
		{FCAECCF5-FBB8-4C5F-9C6C-2C890A9A156E}.AppStore|x64.Deploy.0 = Release|x64
		{FCAECCF5-FBB8-4C5F-9C6C-2C890A9A156E}.AppStore|x86.ActiveCfg = Release|x86
		{FCAECCF5-FBB8-4C5F-9C6C-2C890A9A156E}.AppStore|x86.Build.0 = Release|x86
		{FCAECCF5-FBB8-4C5F-9C6C-2C890A9A156E}.AppStore|x86.Deploy.0 = Release|x86
		{FCAECCF5-FBB8-4C5F-9C6C-2C890A9A156E}.Debug|Any CPU.ActiveCfg = Debug|x86
		{FCAECCF5-FBB8-4C5F-9C6C-2C890A9A156E}.Debug|Any CPU.Build.0 = Debug|x86
		{FCAECCF5-FBB8-4C5F-9C6C-2C890A9A156E}.Debug|Any CPU.Deploy.0 = Debug|x86
		{FCAECCF5-FBB8-4C5F-9C6C-2C890A9A156E}.Debug|ARM.ActiveCfg = Debug|ARM
		{FCAECCF5-FBB8-4C5F-9C6C-2C890A9A156E}.Debug|ARM.Build.0 = Debug|ARM
		{FCAECCF5-FBB8-4C5F-9C6C-2C890A9A156E}.Debug|ARM.Deploy.0 = Debug|ARM
		{FCAECCF5-FBB8-4C5F-9C6C-2C890A9A156E}.Debug|iPhone.ActiveCfg = Debug|x86
		{FCAECCF5-FBB8-4C5F-9C6C-2C890A9A156E}.Debug|iPhoneSimulator.ActiveCfg = Debug|x86
		{FCAECCF5-FBB8-4C5F-9C6C-2C890A9A156E}.Debug|x64.ActiveCfg = Debug|x64
		{FCAECCF5-FBB8-4C5F-9C6C-2C890A9A156E}.Debug|x64.Build.0 = Debug|x64
		{FCAECCF5-FBB8-4C5F-9C6C-2C890A9A156E}.Debug|x64.Deploy.0 = Debug|x64
		{FCAECCF5-FBB8-4C5F-9C6C-2C890A9A156E}.Debug|x86.ActiveCfg = Debug|x86
		{FCAECCF5-FBB8-4C5F-9C6C-2C890A9A156E}.Debug|x86.Build.0 = Debug|x86
		{FCAECCF5-FBB8-4C5F-9C6C-2C890A9A156E}.Debug|x86.Deploy.0 = Debug|x86
		{FCAECCF5-FBB8-4C5F-9C6C-2C890A9A156E}.Release|Any CPU.ActiveCfg = Release|x86
		{FCAECCF5-FBB8-4C5F-9C6C-2C890A9A156E}.Release|ARM.ActiveCfg = Release|ARM
		{FCAECCF5-FBB8-4C5F-9C6C-2C890A9A156E}.Release|ARM.Build.0 = Release|ARM
		{FCAECCF5-FBB8-4C5F-9C6C-2C890A9A156E}.Release|ARM.Deploy.0 = Release|ARM
		{FCAECCF5-FBB8-4C5F-9C6C-2C890A9A156E}.Release|iPhone.ActiveCfg = Release|x86
		{FCAECCF5-FBB8-4C5F-9C6C-2C890A9A156E}.Release|iPhoneSimulator.ActiveCfg = Release|x86
		{FCAECCF5-FBB8-4C5F-9C6C-2C890A9A156E}.Release|x64.ActiveCfg = Release|x64
		{FCAECCF5-FBB8-4C5F-9C6C-2C890A9A156E}.Release|x64.Build.0 = Release|x64
		{FCAECCF5-FBB8-4C5F-9C6C-2C890A9A156E}.Release|x64.Deploy.0 = Release|x64
		{FCAECCF5-FBB8-4C5F-9C6C-2C890A9A156E}.Release|x86.ActiveCfg = Release|x86
		{FCAECCF5-FBB8-4C5F-9C6C-2C890A9A156E}.Release|x86.Build.0 = Release|x86
		{FCAECCF5-FBB8-4C5F-9C6C-2C890A9A156E}.Release|x86.Deploy.0 = Release|x86
		{28F80F49-BFA3-43FD-A123-542F66579C59}.Ad-Hoc|Any CPU.ActiveCfg = Release|Any CPU
		{28F80F49-BFA3-43FD-A123-542F66579C59}.Ad-Hoc|Any CPU.Build.0 = Release|Any CPU
		{28F80F49-BFA3-43FD-A123-542F66579C59}.Ad-Hoc|ARM.ActiveCfg = Release|Any CPU
		{28F80F49-BFA3-43FD-A123-542F66579C59}.Ad-Hoc|ARM.Build.0 = Release|Any CPU
		{28F80F49-BFA3-43FD-A123-542F66579C59}.Ad-Hoc|iPhone.ActiveCfg = Release|Any CPU
		{28F80F49-BFA3-43FD-A123-542F66579C59}.Ad-Hoc|iPhone.Build.0 = Release|Any CPU
		{28F80F49-BFA3-43FD-A123-542F66579C59}.Ad-Hoc|iPhoneSimulator.ActiveCfg = Release|Any CPU
		{28F80F49-BFA3-43FD-A123-542F66579C59}.Ad-Hoc|iPhoneSimulator.Build.0 = Release|Any CPU
		{28F80F49-BFA3-43FD-A123-542F66579C59}.Ad-Hoc|x64.ActiveCfg = Release|Any CPU
		{28F80F49-BFA3-43FD-A123-542F66579C59}.Ad-Hoc|x64.Build.0 = Release|Any CPU
		{28F80F49-BFA3-43FD-A123-542F66579C59}.Ad-Hoc|x86.ActiveCfg = Release|Any CPU
		{28F80F49-BFA3-43FD-A123-542F66579C59}.Ad-Hoc|x86.Build.0 = Release|Any CPU
		{28F80F49-BFA3-43FD-A123-542F66579C59}.AppStore|Any CPU.ActiveCfg = Release|Any CPU
		{28F80F49-BFA3-43FD-A123-542F66579C59}.AppStore|Any CPU.Build.0 = Release|Any CPU
		{28F80F49-BFA3-43FD-A123-542F66579C59}.AppStore|ARM.ActiveCfg = Release|Any CPU
		{28F80F49-BFA3-43FD-A123-542F66579C59}.AppStore|ARM.Build.0 = Release|Any CPU
		{28F80F49-BFA3-43FD-A123-542F66579C59}.AppStore|iPhone.ActiveCfg = Release|Any CPU
		{28F80F49-BFA3-43FD-A123-542F66579C59}.AppStore|iPhone.Build.0 = Release|Any CPU
		{28F80F49-BFA3-43FD-A123-542F66579C59}.AppStore|iPhoneSimulator.ActiveCfg = Release|Any CPU
		{28F80F49-BFA3-43FD-A123-542F66579C59}.AppStore|iPhoneSimulator.Build.0 = Release|Any CPU
		{28F80F49-BFA3-43FD-A123-542F66579C59}.AppStore|x64.ActiveCfg = Release|Any CPU
		{28F80F49-BFA3-43FD-A123-542F66579C59}.AppStore|x64.Build.0 = Release|Any CPU
		{28F80F49-BFA3-43FD-A123-542F66579C59}.AppStore|x86.ActiveCfg = Release|Any CPU
		{28F80F49-BFA3-43FD-A123-542F66579C59}.AppStore|x86.Build.0 = Release|Any CPU
		{28F80F49-BFA3-43FD-A123-542F66579C59}.Debug|Any CPU.ActiveCfg = Debug|Any CPU
		{28F80F49-BFA3-43FD-A123-542F66579C59}.Debug|Any CPU.Build.0 = Debug|Any CPU
		{28F80F49-BFA3-43FD-A123-542F66579C59}.Debug|ARM.ActiveCfg = Debug|Any CPU
		{28F80F49-BFA3-43FD-A123-542F66579C59}.Debug|ARM.Build.0 = Debug|Any CPU
		{28F80F49-BFA3-43FD-A123-542F66579C59}.Debug|iPhone.ActiveCfg = Debug|Any CPU
		{28F80F49-BFA3-43FD-A123-542F66579C59}.Debug|iPhone.Build.0 = Debug|Any CPU
		{28F80F49-BFA3-43FD-A123-542F66579C59}.Debug|iPhoneSimulator.ActiveCfg = Debug|Any CPU
		{28F80F49-BFA3-43FD-A123-542F66579C59}.Debug|iPhoneSimulator.Build.0 = Debug|Any CPU
		{28F80F49-BFA3-43FD-A123-542F66579C59}.Debug|x64.ActiveCfg = Debug|Any CPU
		{28F80F49-BFA3-43FD-A123-542F66579C59}.Debug|x64.Build.0 = Debug|Any CPU
		{28F80F49-BFA3-43FD-A123-542F66579C59}.Debug|x86.ActiveCfg = Debug|Any CPU
		{28F80F49-BFA3-43FD-A123-542F66579C59}.Debug|x86.Build.0 = Debug|Any CPU
		{28F80F49-BFA3-43FD-A123-542F66579C59}.Release|Any CPU.ActiveCfg = Release|Any CPU
		{28F80F49-BFA3-43FD-A123-542F66579C59}.Release|Any CPU.Build.0 = Release|Any CPU
		{28F80F49-BFA3-43FD-A123-542F66579C59}.Release|ARM.ActiveCfg = Release|Any CPU
		{28F80F49-BFA3-43FD-A123-542F66579C59}.Release|ARM.Build.0 = Release|Any CPU
		{28F80F49-BFA3-43FD-A123-542F66579C59}.Release|iPhone.ActiveCfg = Release|Any CPU
		{28F80F49-BFA3-43FD-A123-542F66579C59}.Release|iPhone.Build.0 = Release|Any CPU
		{28F80F49-BFA3-43FD-A123-542F66579C59}.Release|iPhoneSimulator.ActiveCfg = Release|Any CPU
		{28F80F49-BFA3-43FD-A123-542F66579C59}.Release|iPhoneSimulator.Build.0 = Release|Any CPU
		{28F80F49-BFA3-43FD-A123-542F66579C59}.Release|x64.ActiveCfg = Release|Any CPU
		{28F80F49-BFA3-43FD-A123-542F66579C59}.Release|x64.Build.0 = Release|Any CPU
		{28F80F49-BFA3-43FD-A123-542F66579C59}.Release|x86.ActiveCfg = Release|Any CPU
		{28F80F49-BFA3-43FD-A123-542F66579C59}.Release|x86.Build.0 = Release|Any CPU
		{A2D36692-7BE9-47D4-8872-9E6502FF0553}.Ad-Hoc|Any CPU.ActiveCfg = Release|Any CPU
		{A2D36692-7BE9-47D4-8872-9E6502FF0553}.Ad-Hoc|Any CPU.Build.0 = Release|Any CPU
		{A2D36692-7BE9-47D4-8872-9E6502FF0553}.Ad-Hoc|ARM.ActiveCfg = Release|Any CPU
		{A2D36692-7BE9-47D4-8872-9E6502FF0553}.Ad-Hoc|ARM.Build.0 = Release|Any CPU
		{A2D36692-7BE9-47D4-8872-9E6502FF0553}.Ad-Hoc|iPhone.ActiveCfg = Release|Any CPU
		{A2D36692-7BE9-47D4-8872-9E6502FF0553}.Ad-Hoc|iPhone.Build.0 = Release|Any CPU
		{A2D36692-7BE9-47D4-8872-9E6502FF0553}.Ad-Hoc|iPhoneSimulator.ActiveCfg = Release|Any CPU
		{A2D36692-7BE9-47D4-8872-9E6502FF0553}.Ad-Hoc|iPhoneSimulator.Build.0 = Release|Any CPU
		{A2D36692-7BE9-47D4-8872-9E6502FF0553}.Ad-Hoc|x64.ActiveCfg = Release|Any CPU
		{A2D36692-7BE9-47D4-8872-9E6502FF0553}.Ad-Hoc|x64.Build.0 = Release|Any CPU
		{A2D36692-7BE9-47D4-8872-9E6502FF0553}.Ad-Hoc|x86.ActiveCfg = Release|Any CPU
		{A2D36692-7BE9-47D4-8872-9E6502FF0553}.Ad-Hoc|x86.Build.0 = Release|Any CPU
		{A2D36692-7BE9-47D4-8872-9E6502FF0553}.AppStore|Any CPU.ActiveCfg = Release|Any CPU
		{A2D36692-7BE9-47D4-8872-9E6502FF0553}.AppStore|Any CPU.Build.0 = Release|Any CPU
		{A2D36692-7BE9-47D4-8872-9E6502FF0553}.AppStore|ARM.ActiveCfg = Release|Any CPU
		{A2D36692-7BE9-47D4-8872-9E6502FF0553}.AppStore|ARM.Build.0 = Release|Any CPU
		{A2D36692-7BE9-47D4-8872-9E6502FF0553}.AppStore|iPhone.ActiveCfg = Release|Any CPU
		{A2D36692-7BE9-47D4-8872-9E6502FF0553}.AppStore|iPhone.Build.0 = Release|Any CPU
		{A2D36692-7BE9-47D4-8872-9E6502FF0553}.AppStore|iPhoneSimulator.ActiveCfg = Release|Any CPU
		{A2D36692-7BE9-47D4-8872-9E6502FF0553}.AppStore|iPhoneSimulator.Build.0 = Release|Any CPU
		{A2D36692-7BE9-47D4-8872-9E6502FF0553}.AppStore|x64.ActiveCfg = Release|Any CPU
		{A2D36692-7BE9-47D4-8872-9E6502FF0553}.AppStore|x64.Build.0 = Release|Any CPU
		{A2D36692-7BE9-47D4-8872-9E6502FF0553}.AppStore|x86.ActiveCfg = Release|Any CPU
		{A2D36692-7BE9-47D4-8872-9E6502FF0553}.AppStore|x86.Build.0 = Release|Any CPU
		{A2D36692-7BE9-47D4-8872-9E6502FF0553}.Debug|Any CPU.ActiveCfg = Debug|Any CPU
		{A2D36692-7BE9-47D4-8872-9E6502FF0553}.Debug|Any CPU.Build.0 = Debug|Any CPU
		{A2D36692-7BE9-47D4-8872-9E6502FF0553}.Debug|ARM.ActiveCfg = Debug|Any CPU
		{A2D36692-7BE9-47D4-8872-9E6502FF0553}.Debug|ARM.Build.0 = Debug|Any CPU
		{A2D36692-7BE9-47D4-8872-9E6502FF0553}.Debug|iPhone.ActiveCfg = Debug|Any CPU
		{A2D36692-7BE9-47D4-8872-9E6502FF0553}.Debug|iPhone.Build.0 = Debug|Any CPU
		{A2D36692-7BE9-47D4-8872-9E6502FF0553}.Debug|iPhoneSimulator.ActiveCfg = Debug|Any CPU
		{A2D36692-7BE9-47D4-8872-9E6502FF0553}.Debug|iPhoneSimulator.Build.0 = Debug|Any CPU
		{A2D36692-7BE9-47D4-8872-9E6502FF0553}.Debug|x64.ActiveCfg = Debug|Any CPU
		{A2D36692-7BE9-47D4-8872-9E6502FF0553}.Debug|x64.Build.0 = Debug|Any CPU
		{A2D36692-7BE9-47D4-8872-9E6502FF0553}.Debug|x86.ActiveCfg = Debug|Any CPU
		{A2D36692-7BE9-47D4-8872-9E6502FF0553}.Debug|x86.Build.0 = Debug|Any CPU
		{A2D36692-7BE9-47D4-8872-9E6502FF0553}.Release|Any CPU.ActiveCfg = Release|Any CPU
		{A2D36692-7BE9-47D4-8872-9E6502FF0553}.Release|Any CPU.Build.0 = Release|Any CPU
		{A2D36692-7BE9-47D4-8872-9E6502FF0553}.Release|ARM.ActiveCfg = Release|Any CPU
		{A2D36692-7BE9-47D4-8872-9E6502FF0553}.Release|ARM.Build.0 = Release|Any CPU
		{A2D36692-7BE9-47D4-8872-9E6502FF0553}.Release|iPhone.ActiveCfg = Release|Any CPU
		{A2D36692-7BE9-47D4-8872-9E6502FF0553}.Release|iPhone.Build.0 = Release|Any CPU
		{A2D36692-7BE9-47D4-8872-9E6502FF0553}.Release|iPhoneSimulator.ActiveCfg = Release|Any CPU
		{A2D36692-7BE9-47D4-8872-9E6502FF0553}.Release|iPhoneSimulator.Build.0 = Release|Any CPU
		{A2D36692-7BE9-47D4-8872-9E6502FF0553}.Release|x64.ActiveCfg = Release|Any CPU
		{A2D36692-7BE9-47D4-8872-9E6502FF0553}.Release|x64.Build.0 = Release|Any CPU
		{A2D36692-7BE9-47D4-8872-9E6502FF0553}.Release|x86.ActiveCfg = Release|Any CPU
		{A2D36692-7BE9-47D4-8872-9E6502FF0553}.Release|x86.Build.0 = Release|Any CPU
		{06A11804-9651-4EA2-B9C3-BF84417B14A0}.Ad-Hoc|Any CPU.ActiveCfg = Release|Any CPU
		{06A11804-9651-4EA2-B9C3-BF84417B14A0}.Ad-Hoc|Any CPU.Build.0 = Release|Any CPU
		{06A11804-9651-4EA2-B9C3-BF84417B14A0}.Ad-Hoc|ARM.ActiveCfg = Release|Any CPU
		{06A11804-9651-4EA2-B9C3-BF84417B14A0}.Ad-Hoc|ARM.Build.0 = Release|Any CPU
		{06A11804-9651-4EA2-B9C3-BF84417B14A0}.Ad-Hoc|iPhone.ActiveCfg = Release|Any CPU
		{06A11804-9651-4EA2-B9C3-BF84417B14A0}.Ad-Hoc|iPhone.Build.0 = Release|Any CPU
		{06A11804-9651-4EA2-B9C3-BF84417B14A0}.Ad-Hoc|iPhoneSimulator.ActiveCfg = Release|Any CPU
		{06A11804-9651-4EA2-B9C3-BF84417B14A0}.Ad-Hoc|iPhoneSimulator.Build.0 = Release|Any CPU
		{06A11804-9651-4EA2-B9C3-BF84417B14A0}.Ad-Hoc|x64.ActiveCfg = Release|Any CPU
		{06A11804-9651-4EA2-B9C3-BF84417B14A0}.Ad-Hoc|x64.Build.0 = Release|Any CPU
		{06A11804-9651-4EA2-B9C3-BF84417B14A0}.Ad-Hoc|x86.ActiveCfg = Release|Any CPU
		{06A11804-9651-4EA2-B9C3-BF84417B14A0}.Ad-Hoc|x86.Build.0 = Release|Any CPU
		{06A11804-9651-4EA2-B9C3-BF84417B14A0}.AppStore|Any CPU.ActiveCfg = Release|Any CPU
		{06A11804-9651-4EA2-B9C3-BF84417B14A0}.AppStore|Any CPU.Build.0 = Release|Any CPU
		{06A11804-9651-4EA2-B9C3-BF84417B14A0}.AppStore|ARM.ActiveCfg = Release|Any CPU
		{06A11804-9651-4EA2-B9C3-BF84417B14A0}.AppStore|ARM.Build.0 = Release|Any CPU
		{06A11804-9651-4EA2-B9C3-BF84417B14A0}.AppStore|iPhone.ActiveCfg = Release|Any CPU
		{06A11804-9651-4EA2-B9C3-BF84417B14A0}.AppStore|iPhone.Build.0 = Release|Any CPU
		{06A11804-9651-4EA2-B9C3-BF84417B14A0}.AppStore|iPhoneSimulator.ActiveCfg = Release|Any CPU
		{06A11804-9651-4EA2-B9C3-BF84417B14A0}.AppStore|iPhoneSimulator.Build.0 = Release|Any CPU
		{06A11804-9651-4EA2-B9C3-BF84417B14A0}.AppStore|x64.ActiveCfg = Release|Any CPU
		{06A11804-9651-4EA2-B9C3-BF84417B14A0}.AppStore|x64.Build.0 = Release|Any CPU
		{06A11804-9651-4EA2-B9C3-BF84417B14A0}.AppStore|x86.ActiveCfg = Release|Any CPU
		{06A11804-9651-4EA2-B9C3-BF84417B14A0}.AppStore|x86.Build.0 = Release|Any CPU
		{06A11804-9651-4EA2-B9C3-BF84417B14A0}.Debug|Any CPU.ActiveCfg = Debug|Any CPU
		{06A11804-9651-4EA2-B9C3-BF84417B14A0}.Debug|Any CPU.Build.0 = Debug|Any CPU
		{06A11804-9651-4EA2-B9C3-BF84417B14A0}.Debug|ARM.ActiveCfg = Debug|Any CPU
		{06A11804-9651-4EA2-B9C3-BF84417B14A0}.Debug|ARM.Build.0 = Debug|Any CPU
		{06A11804-9651-4EA2-B9C3-BF84417B14A0}.Debug|iPhone.ActiveCfg = Debug|Any CPU
		{06A11804-9651-4EA2-B9C3-BF84417B14A0}.Debug|iPhone.Build.0 = Debug|Any CPU
		{06A11804-9651-4EA2-B9C3-BF84417B14A0}.Debug|iPhoneSimulator.ActiveCfg = Debug|Any CPU
		{06A11804-9651-4EA2-B9C3-BF84417B14A0}.Debug|iPhoneSimulator.Build.0 = Debug|Any CPU
		{06A11804-9651-4EA2-B9C3-BF84417B14A0}.Debug|x64.ActiveCfg = Debug|Any CPU
		{06A11804-9651-4EA2-B9C3-BF84417B14A0}.Debug|x64.Build.0 = Debug|Any CPU
		{06A11804-9651-4EA2-B9C3-BF84417B14A0}.Debug|x86.ActiveCfg = Debug|Any CPU
		{06A11804-9651-4EA2-B9C3-BF84417B14A0}.Debug|x86.Build.0 = Debug|Any CPU
		{06A11804-9651-4EA2-B9C3-BF84417B14A0}.Release|Any CPU.ActiveCfg = Release|Any CPU
		{06A11804-9651-4EA2-B9C3-BF84417B14A0}.Release|Any CPU.Build.0 = Release|Any CPU
		{06A11804-9651-4EA2-B9C3-BF84417B14A0}.Release|ARM.ActiveCfg = Release|Any CPU
		{06A11804-9651-4EA2-B9C3-BF84417B14A0}.Release|ARM.Build.0 = Release|Any CPU
		{06A11804-9651-4EA2-B9C3-BF84417B14A0}.Release|iPhone.ActiveCfg = Release|Any CPU
		{06A11804-9651-4EA2-B9C3-BF84417B14A0}.Release|iPhone.Build.0 = Release|Any CPU
		{06A11804-9651-4EA2-B9C3-BF84417B14A0}.Release|iPhoneSimulator.ActiveCfg = Release|Any CPU
		{06A11804-9651-4EA2-B9C3-BF84417B14A0}.Release|iPhoneSimulator.Build.0 = Release|Any CPU
		{06A11804-9651-4EA2-B9C3-BF84417B14A0}.Release|x64.ActiveCfg = Release|Any CPU
		{06A11804-9651-4EA2-B9C3-BF84417B14A0}.Release|x64.Build.0 = Release|Any CPU
		{06A11804-9651-4EA2-B9C3-BF84417B14A0}.Release|x86.ActiveCfg = Release|Any CPU
		{06A11804-9651-4EA2-B9C3-BF84417B14A0}.Release|x86.Build.0 = Release|Any CPU
		{68833F2F-10E7-4EE5-BFD0-E21C5099B56F}.Ad-Hoc|Any CPU.ActiveCfg = Release|Any CPU
		{68833F2F-10E7-4EE5-BFD0-E21C5099B56F}.Ad-Hoc|Any CPU.Build.0 = Release|Any CPU
		{68833F2F-10E7-4EE5-BFD0-E21C5099B56F}.Ad-Hoc|ARM.ActiveCfg = Release|Any CPU
		{68833F2F-10E7-4EE5-BFD0-E21C5099B56F}.Ad-Hoc|ARM.Build.0 = Release|Any CPU
		{68833F2F-10E7-4EE5-BFD0-E21C5099B56F}.Ad-Hoc|iPhone.ActiveCfg = Release|Any CPU
		{68833F2F-10E7-4EE5-BFD0-E21C5099B56F}.Ad-Hoc|iPhone.Build.0 = Release|Any CPU
		{68833F2F-10E7-4EE5-BFD0-E21C5099B56F}.Ad-Hoc|iPhoneSimulator.ActiveCfg = Release|Any CPU
		{68833F2F-10E7-4EE5-BFD0-E21C5099B56F}.Ad-Hoc|iPhoneSimulator.Build.0 = Release|Any CPU
		{68833F2F-10E7-4EE5-BFD0-E21C5099B56F}.Ad-Hoc|x64.ActiveCfg = Release|Any CPU
		{68833F2F-10E7-4EE5-BFD0-E21C5099B56F}.Ad-Hoc|x64.Build.0 = Release|Any CPU
		{68833F2F-10E7-4EE5-BFD0-E21C5099B56F}.Ad-Hoc|x86.ActiveCfg = Release|Any CPU
		{68833F2F-10E7-4EE5-BFD0-E21C5099B56F}.Ad-Hoc|x86.Build.0 = Release|Any CPU
		{68833F2F-10E7-4EE5-BFD0-E21C5099B56F}.AppStore|Any CPU.ActiveCfg = Release|Any CPU
		{68833F2F-10E7-4EE5-BFD0-E21C5099B56F}.AppStore|Any CPU.Build.0 = Release|Any CPU
		{68833F2F-10E7-4EE5-BFD0-E21C5099B56F}.AppStore|ARM.ActiveCfg = Release|Any CPU
		{68833F2F-10E7-4EE5-BFD0-E21C5099B56F}.AppStore|ARM.Build.0 = Release|Any CPU
		{68833F2F-10E7-4EE5-BFD0-E21C5099B56F}.AppStore|iPhone.ActiveCfg = Release|Any CPU
		{68833F2F-10E7-4EE5-BFD0-E21C5099B56F}.AppStore|iPhone.Build.0 = Release|Any CPU
		{68833F2F-10E7-4EE5-BFD0-E21C5099B56F}.AppStore|iPhoneSimulator.ActiveCfg = Release|Any CPU
		{68833F2F-10E7-4EE5-BFD0-E21C5099B56F}.AppStore|iPhoneSimulator.Build.0 = Release|Any CPU
		{68833F2F-10E7-4EE5-BFD0-E21C5099B56F}.AppStore|x64.ActiveCfg = Release|Any CPU
		{68833F2F-10E7-4EE5-BFD0-E21C5099B56F}.AppStore|x64.Build.0 = Release|Any CPU
		{68833F2F-10E7-4EE5-BFD0-E21C5099B56F}.AppStore|x86.ActiveCfg = Release|Any CPU
		{68833F2F-10E7-4EE5-BFD0-E21C5099B56F}.AppStore|x86.Build.0 = Release|Any CPU
		{68833F2F-10E7-4EE5-BFD0-E21C5099B56F}.Debug|Any CPU.ActiveCfg = Debug|Any CPU
		{68833F2F-10E7-4EE5-BFD0-E21C5099B56F}.Debug|Any CPU.Build.0 = Debug|Any CPU
		{68833F2F-10E7-4EE5-BFD0-E21C5099B56F}.Debug|ARM.ActiveCfg = Debug|Any CPU
		{68833F2F-10E7-4EE5-BFD0-E21C5099B56F}.Debug|ARM.Build.0 = Debug|Any CPU
		{68833F2F-10E7-4EE5-BFD0-E21C5099B56F}.Debug|iPhone.ActiveCfg = Debug|Any CPU
		{68833F2F-10E7-4EE5-BFD0-E21C5099B56F}.Debug|iPhone.Build.0 = Debug|Any CPU
		{68833F2F-10E7-4EE5-BFD0-E21C5099B56F}.Debug|iPhoneSimulator.ActiveCfg = Debug|Any CPU
		{68833F2F-10E7-4EE5-BFD0-E21C5099B56F}.Debug|iPhoneSimulator.Build.0 = Debug|Any CPU
		{68833F2F-10E7-4EE5-BFD0-E21C5099B56F}.Debug|x64.ActiveCfg = Debug|Any CPU
		{68833F2F-10E7-4EE5-BFD0-E21C5099B56F}.Debug|x64.Build.0 = Debug|Any CPU
		{68833F2F-10E7-4EE5-BFD0-E21C5099B56F}.Debug|x86.ActiveCfg = Debug|Any CPU
		{68833F2F-10E7-4EE5-BFD0-E21C5099B56F}.Debug|x86.Build.0 = Debug|Any CPU
		{68833F2F-10E7-4EE5-BFD0-E21C5099B56F}.Release|Any CPU.ActiveCfg = Release|Any CPU
		{68833F2F-10E7-4EE5-BFD0-E21C5099B56F}.Release|Any CPU.Build.0 = Release|Any CPU
		{68833F2F-10E7-4EE5-BFD0-E21C5099B56F}.Release|ARM.ActiveCfg = Release|Any CPU
		{68833F2F-10E7-4EE5-BFD0-E21C5099B56F}.Release|ARM.Build.0 = Release|Any CPU
		{68833F2F-10E7-4EE5-BFD0-E21C5099B56F}.Release|iPhone.ActiveCfg = Release|Any CPU
		{68833F2F-10E7-4EE5-BFD0-E21C5099B56F}.Release|iPhone.Build.0 = Release|Any CPU
		{68833F2F-10E7-4EE5-BFD0-E21C5099B56F}.Release|iPhoneSimulator.ActiveCfg = Release|Any CPU
		{68833F2F-10E7-4EE5-BFD0-E21C5099B56F}.Release|iPhoneSimulator.Build.0 = Release|Any CPU
		{68833F2F-10E7-4EE5-BFD0-E21C5099B56F}.Release|x64.ActiveCfg = Release|Any CPU
		{68833F2F-10E7-4EE5-BFD0-E21C5099B56F}.Release|x64.Build.0 = Release|Any CPU
		{68833F2F-10E7-4EE5-BFD0-E21C5099B56F}.Release|x86.ActiveCfg = Release|Any CPU
		{68833F2F-10E7-4EE5-BFD0-E21C5099B56F}.Release|x86.Build.0 = Release|Any CPU
		{99957E23-626C-4D84-AEEA-BB0AE3D1B46A}.Ad-Hoc|Any CPU.ActiveCfg = Release|Any CPU
		{99957E23-626C-4D84-AEEA-BB0AE3D1B46A}.Ad-Hoc|Any CPU.Build.0 = Release|Any CPU
		{99957E23-626C-4D84-AEEA-BB0AE3D1B46A}.Ad-Hoc|ARM.ActiveCfg = Release|Any CPU
		{99957E23-626C-4D84-AEEA-BB0AE3D1B46A}.Ad-Hoc|ARM.Build.0 = Release|Any CPU
		{99957E23-626C-4D84-AEEA-BB0AE3D1B46A}.Ad-Hoc|iPhone.ActiveCfg = Release|Any CPU
		{99957E23-626C-4D84-AEEA-BB0AE3D1B46A}.Ad-Hoc|iPhone.Build.0 = Release|Any CPU
		{99957E23-626C-4D84-AEEA-BB0AE3D1B46A}.Ad-Hoc|iPhoneSimulator.ActiveCfg = Release|Any CPU
		{99957E23-626C-4D84-AEEA-BB0AE3D1B46A}.Ad-Hoc|iPhoneSimulator.Build.0 = Release|Any CPU
		{99957E23-626C-4D84-AEEA-BB0AE3D1B46A}.Ad-Hoc|x64.ActiveCfg = Release|Any CPU
		{99957E23-626C-4D84-AEEA-BB0AE3D1B46A}.Ad-Hoc|x64.Build.0 = Release|Any CPU
		{99957E23-626C-4D84-AEEA-BB0AE3D1B46A}.Ad-Hoc|x86.ActiveCfg = Release|Any CPU
		{99957E23-626C-4D84-AEEA-BB0AE3D1B46A}.Ad-Hoc|x86.Build.0 = Release|Any CPU
		{99957E23-626C-4D84-AEEA-BB0AE3D1B46A}.AppStore|Any CPU.ActiveCfg = Release|Any CPU
		{99957E23-626C-4D84-AEEA-BB0AE3D1B46A}.AppStore|Any CPU.Build.0 = Release|Any CPU
		{99957E23-626C-4D84-AEEA-BB0AE3D1B46A}.AppStore|ARM.ActiveCfg = Release|Any CPU
		{99957E23-626C-4D84-AEEA-BB0AE3D1B46A}.AppStore|ARM.Build.0 = Release|Any CPU
		{99957E23-626C-4D84-AEEA-BB0AE3D1B46A}.AppStore|iPhone.ActiveCfg = Release|Any CPU
		{99957E23-626C-4D84-AEEA-BB0AE3D1B46A}.AppStore|iPhone.Build.0 = Release|Any CPU
		{99957E23-626C-4D84-AEEA-BB0AE3D1B46A}.AppStore|iPhoneSimulator.ActiveCfg = Release|Any CPU
		{99957E23-626C-4D84-AEEA-BB0AE3D1B46A}.AppStore|iPhoneSimulator.Build.0 = Release|Any CPU
		{99957E23-626C-4D84-AEEA-BB0AE3D1B46A}.AppStore|x64.ActiveCfg = Release|Any CPU
		{99957E23-626C-4D84-AEEA-BB0AE3D1B46A}.AppStore|x64.Build.0 = Release|Any CPU
		{99957E23-626C-4D84-AEEA-BB0AE3D1B46A}.AppStore|x86.ActiveCfg = Release|Any CPU
		{99957E23-626C-4D84-AEEA-BB0AE3D1B46A}.AppStore|x86.Build.0 = Release|Any CPU
		{99957E23-626C-4D84-AEEA-BB0AE3D1B46A}.Debug|Any CPU.ActiveCfg = Debug|Any CPU
		{99957E23-626C-4D84-AEEA-BB0AE3D1B46A}.Debug|Any CPU.Build.0 = Debug|Any CPU
		{99957E23-626C-4D84-AEEA-BB0AE3D1B46A}.Debug|ARM.ActiveCfg = Debug|Any CPU
		{99957E23-626C-4D84-AEEA-BB0AE3D1B46A}.Debug|ARM.Build.0 = Debug|Any CPU
		{99957E23-626C-4D84-AEEA-BB0AE3D1B46A}.Debug|iPhone.ActiveCfg = Debug|Any CPU
		{99957E23-626C-4D84-AEEA-BB0AE3D1B46A}.Debug|iPhone.Build.0 = Debug|Any CPU
		{99957E23-626C-4D84-AEEA-BB0AE3D1B46A}.Debug|iPhoneSimulator.ActiveCfg = Debug|Any CPU
		{99957E23-626C-4D84-AEEA-BB0AE3D1B46A}.Debug|iPhoneSimulator.Build.0 = Debug|Any CPU
		{99957E23-626C-4D84-AEEA-BB0AE3D1B46A}.Debug|x64.ActiveCfg = Debug|Any CPU
		{99957E23-626C-4D84-AEEA-BB0AE3D1B46A}.Debug|x64.Build.0 = Debug|Any CPU
		{99957E23-626C-4D84-AEEA-BB0AE3D1B46A}.Debug|x86.ActiveCfg = Debug|Any CPU
		{99957E23-626C-4D84-AEEA-BB0AE3D1B46A}.Debug|x86.Build.0 = Debug|Any CPU
		{99957E23-626C-4D84-AEEA-BB0AE3D1B46A}.Release|Any CPU.ActiveCfg = Release|Any CPU
		{99957E23-626C-4D84-AEEA-BB0AE3D1B46A}.Release|Any CPU.Build.0 = Release|Any CPU
		{99957E23-626C-4D84-AEEA-BB0AE3D1B46A}.Release|ARM.ActiveCfg = Release|Any CPU
		{99957E23-626C-4D84-AEEA-BB0AE3D1B46A}.Release|ARM.Build.0 = Release|Any CPU
		{99957E23-626C-4D84-AEEA-BB0AE3D1B46A}.Release|iPhone.ActiveCfg = Release|Any CPU
		{99957E23-626C-4D84-AEEA-BB0AE3D1B46A}.Release|iPhone.Build.0 = Release|Any CPU
		{99957E23-626C-4D84-AEEA-BB0AE3D1B46A}.Release|iPhoneSimulator.ActiveCfg = Release|Any CPU
		{99957E23-626C-4D84-AEEA-BB0AE3D1B46A}.Release|iPhoneSimulator.Build.0 = Release|Any CPU
		{99957E23-626C-4D84-AEEA-BB0AE3D1B46A}.Release|x64.ActiveCfg = Release|Any CPU
		{99957E23-626C-4D84-AEEA-BB0AE3D1B46A}.Release|x64.Build.0 = Release|Any CPU
		{99957E23-626C-4D84-AEEA-BB0AE3D1B46A}.Release|x86.ActiveCfg = Release|Any CPU
		{99957E23-626C-4D84-AEEA-BB0AE3D1B46A}.Release|x86.Build.0 = Release|Any CPU
		{701B47DD-BC4E-4C6D-9204-EDF74962BFF8}.Ad-Hoc|Any CPU.ActiveCfg = Release|Any CPU
		{701B47DD-BC4E-4C6D-9204-EDF74962BFF8}.Ad-Hoc|Any CPU.Build.0 = Release|Any CPU
		{701B47DD-BC4E-4C6D-9204-EDF74962BFF8}.Ad-Hoc|ARM.ActiveCfg = Release|Any CPU
		{701B47DD-BC4E-4C6D-9204-EDF74962BFF8}.Ad-Hoc|ARM.Build.0 = Release|Any CPU
		{701B47DD-BC4E-4C6D-9204-EDF74962BFF8}.Ad-Hoc|iPhone.ActiveCfg = Release|Any CPU
		{701B47DD-BC4E-4C6D-9204-EDF74962BFF8}.Ad-Hoc|iPhone.Build.0 = Release|Any CPU
		{701B47DD-BC4E-4C6D-9204-EDF74962BFF8}.Ad-Hoc|iPhoneSimulator.ActiveCfg = Release|Any CPU
		{701B47DD-BC4E-4C6D-9204-EDF74962BFF8}.Ad-Hoc|iPhoneSimulator.Build.0 = Release|Any CPU
		{701B47DD-BC4E-4C6D-9204-EDF74962BFF8}.Ad-Hoc|x64.ActiveCfg = Release|Any CPU
		{701B47DD-BC4E-4C6D-9204-EDF74962BFF8}.Ad-Hoc|x64.Build.0 = Release|Any CPU
		{701B47DD-BC4E-4C6D-9204-EDF74962BFF8}.Ad-Hoc|x86.ActiveCfg = Release|Any CPU
		{701B47DD-BC4E-4C6D-9204-EDF74962BFF8}.Ad-Hoc|x86.Build.0 = Release|Any CPU
		{701B47DD-BC4E-4C6D-9204-EDF74962BFF8}.AppStore|Any CPU.ActiveCfg = Release|Any CPU
		{701B47DD-BC4E-4C6D-9204-EDF74962BFF8}.AppStore|Any CPU.Build.0 = Release|Any CPU
		{701B47DD-BC4E-4C6D-9204-EDF74962BFF8}.AppStore|ARM.ActiveCfg = Release|Any CPU
		{701B47DD-BC4E-4C6D-9204-EDF74962BFF8}.AppStore|ARM.Build.0 = Release|Any CPU
		{701B47DD-BC4E-4C6D-9204-EDF74962BFF8}.AppStore|iPhone.ActiveCfg = Release|Any CPU
		{701B47DD-BC4E-4C6D-9204-EDF74962BFF8}.AppStore|iPhone.Build.0 = Release|Any CPU
		{701B47DD-BC4E-4C6D-9204-EDF74962BFF8}.AppStore|iPhoneSimulator.ActiveCfg = Release|Any CPU
		{701B47DD-BC4E-4C6D-9204-EDF74962BFF8}.AppStore|iPhoneSimulator.Build.0 = Release|Any CPU
		{701B47DD-BC4E-4C6D-9204-EDF74962BFF8}.AppStore|x64.ActiveCfg = Release|Any CPU
		{701B47DD-BC4E-4C6D-9204-EDF74962BFF8}.AppStore|x64.Build.0 = Release|Any CPU
		{701B47DD-BC4E-4C6D-9204-EDF74962BFF8}.AppStore|x86.ActiveCfg = Release|Any CPU
		{701B47DD-BC4E-4C6D-9204-EDF74962BFF8}.AppStore|x86.Build.0 = Release|Any CPU
		{701B47DD-BC4E-4C6D-9204-EDF74962BFF8}.Debug|Any CPU.ActiveCfg = Debug|Any CPU
		{701B47DD-BC4E-4C6D-9204-EDF74962BFF8}.Debug|Any CPU.Build.0 = Debug|Any CPU
		{701B47DD-BC4E-4C6D-9204-EDF74962BFF8}.Debug|ARM.ActiveCfg = Debug|Any CPU
		{701B47DD-BC4E-4C6D-9204-EDF74962BFF8}.Debug|ARM.Build.0 = Debug|Any CPU
		{701B47DD-BC4E-4C6D-9204-EDF74962BFF8}.Debug|iPhone.ActiveCfg = Debug|Any CPU
		{701B47DD-BC4E-4C6D-9204-EDF74962BFF8}.Debug|iPhone.Build.0 = Debug|Any CPU
		{701B47DD-BC4E-4C6D-9204-EDF74962BFF8}.Debug|iPhoneSimulator.ActiveCfg = Debug|Any CPU
		{701B47DD-BC4E-4C6D-9204-EDF74962BFF8}.Debug|iPhoneSimulator.Build.0 = Debug|Any CPU
		{701B47DD-BC4E-4C6D-9204-EDF74962BFF8}.Debug|x64.ActiveCfg = Debug|Any CPU
		{701B47DD-BC4E-4C6D-9204-EDF74962BFF8}.Debug|x64.Build.0 = Debug|Any CPU
		{701B47DD-BC4E-4C6D-9204-EDF74962BFF8}.Debug|x86.ActiveCfg = Debug|Any CPU
		{701B47DD-BC4E-4C6D-9204-EDF74962BFF8}.Debug|x86.Build.0 = Debug|Any CPU
		{701B47DD-BC4E-4C6D-9204-EDF74962BFF8}.Release|Any CPU.ActiveCfg = Release|Any CPU
		{701B47DD-BC4E-4C6D-9204-EDF74962BFF8}.Release|Any CPU.Build.0 = Release|Any CPU
		{701B47DD-BC4E-4C6D-9204-EDF74962BFF8}.Release|ARM.ActiveCfg = Release|Any CPU
		{701B47DD-BC4E-4C6D-9204-EDF74962BFF8}.Release|ARM.Build.0 = Release|Any CPU
		{701B47DD-BC4E-4C6D-9204-EDF74962BFF8}.Release|iPhone.ActiveCfg = Release|Any CPU
		{701B47DD-BC4E-4C6D-9204-EDF74962BFF8}.Release|iPhone.Build.0 = Release|Any CPU
		{701B47DD-BC4E-4C6D-9204-EDF74962BFF8}.Release|iPhoneSimulator.ActiveCfg = Release|Any CPU
		{701B47DD-BC4E-4C6D-9204-EDF74962BFF8}.Release|iPhoneSimulator.Build.0 = Release|Any CPU
		{701B47DD-BC4E-4C6D-9204-EDF74962BFF8}.Release|x64.ActiveCfg = Release|Any CPU
		{701B47DD-BC4E-4C6D-9204-EDF74962BFF8}.Release|x64.Build.0 = Release|Any CPU
		{701B47DD-BC4E-4C6D-9204-EDF74962BFF8}.Release|x86.ActiveCfg = Release|Any CPU
		{701B47DD-BC4E-4C6D-9204-EDF74962BFF8}.Release|x86.Build.0 = Release|Any CPU
		{7614E658-F030-416B-8448-37412A1BB048}.Ad-Hoc|Any CPU.ActiveCfg = Release|Any CPU
		{7614E658-F030-416B-8448-37412A1BB048}.Ad-Hoc|Any CPU.Build.0 = Release|Any CPU
		{7614E658-F030-416B-8448-37412A1BB048}.Ad-Hoc|ARM.ActiveCfg = Release|Any CPU
		{7614E658-F030-416B-8448-37412A1BB048}.Ad-Hoc|ARM.Build.0 = Release|Any CPU
		{7614E658-F030-416B-8448-37412A1BB048}.Ad-Hoc|iPhone.ActiveCfg = Release|Any CPU
		{7614E658-F030-416B-8448-37412A1BB048}.Ad-Hoc|iPhone.Build.0 = Release|Any CPU
		{7614E658-F030-416B-8448-37412A1BB048}.Ad-Hoc|iPhoneSimulator.ActiveCfg = Release|Any CPU
		{7614E658-F030-416B-8448-37412A1BB048}.Ad-Hoc|iPhoneSimulator.Build.0 = Release|Any CPU
		{7614E658-F030-416B-8448-37412A1BB048}.Ad-Hoc|x64.ActiveCfg = Release|Any CPU
		{7614E658-F030-416B-8448-37412A1BB048}.Ad-Hoc|x64.Build.0 = Release|Any CPU
		{7614E658-F030-416B-8448-37412A1BB048}.Ad-Hoc|x86.ActiveCfg = Release|Any CPU
		{7614E658-F030-416B-8448-37412A1BB048}.Ad-Hoc|x86.Build.0 = Release|Any CPU
		{7614E658-F030-416B-8448-37412A1BB048}.AppStore|Any CPU.ActiveCfg = Release|Any CPU
		{7614E658-F030-416B-8448-37412A1BB048}.AppStore|Any CPU.Build.0 = Release|Any CPU
		{7614E658-F030-416B-8448-37412A1BB048}.AppStore|ARM.ActiveCfg = Release|Any CPU
		{7614E658-F030-416B-8448-37412A1BB048}.AppStore|ARM.Build.0 = Release|Any CPU
		{7614E658-F030-416B-8448-37412A1BB048}.AppStore|iPhone.ActiveCfg = Release|Any CPU
		{7614E658-F030-416B-8448-37412A1BB048}.AppStore|iPhone.Build.0 = Release|Any CPU
		{7614E658-F030-416B-8448-37412A1BB048}.AppStore|iPhoneSimulator.ActiveCfg = Release|Any CPU
		{7614E658-F030-416B-8448-37412A1BB048}.AppStore|iPhoneSimulator.Build.0 = Release|Any CPU
		{7614E658-F030-416B-8448-37412A1BB048}.AppStore|x64.ActiveCfg = Release|Any CPU
		{7614E658-F030-416B-8448-37412A1BB048}.AppStore|x64.Build.0 = Release|Any CPU
		{7614E658-F030-416B-8448-37412A1BB048}.AppStore|x86.ActiveCfg = Release|Any CPU
		{7614E658-F030-416B-8448-37412A1BB048}.AppStore|x86.Build.0 = Release|Any CPU
		{7614E658-F030-416B-8448-37412A1BB048}.Debug|Any CPU.ActiveCfg = Debug|Any CPU
		{7614E658-F030-416B-8448-37412A1BB048}.Debug|Any CPU.Build.0 = Debug|Any CPU
		{7614E658-F030-416B-8448-37412A1BB048}.Debug|ARM.ActiveCfg = Debug|Any CPU
		{7614E658-F030-416B-8448-37412A1BB048}.Debug|ARM.Build.0 = Debug|Any CPU
		{7614E658-F030-416B-8448-37412A1BB048}.Debug|iPhone.ActiveCfg = Debug|Any CPU
		{7614E658-F030-416B-8448-37412A1BB048}.Debug|iPhone.Build.0 = Debug|Any CPU
		{7614E658-F030-416B-8448-37412A1BB048}.Debug|iPhoneSimulator.ActiveCfg = Debug|Any CPU
		{7614E658-F030-416B-8448-37412A1BB048}.Debug|iPhoneSimulator.Build.0 = Debug|Any CPU
		{7614E658-F030-416B-8448-37412A1BB048}.Debug|x64.ActiveCfg = Debug|Any CPU
		{7614E658-F030-416B-8448-37412A1BB048}.Debug|x64.Build.0 = Debug|Any CPU
		{7614E658-F030-416B-8448-37412A1BB048}.Debug|x86.ActiveCfg = Debug|Any CPU
		{7614E658-F030-416B-8448-37412A1BB048}.Debug|x86.Build.0 = Debug|Any CPU
		{7614E658-F030-416B-8448-37412A1BB048}.Release|Any CPU.ActiveCfg = Release|Any CPU
		{7614E658-F030-416B-8448-37412A1BB048}.Release|Any CPU.Build.0 = Release|Any CPU
		{7614E658-F030-416B-8448-37412A1BB048}.Release|ARM.ActiveCfg = Release|Any CPU
		{7614E658-F030-416B-8448-37412A1BB048}.Release|ARM.Build.0 = Release|Any CPU
		{7614E658-F030-416B-8448-37412A1BB048}.Release|iPhone.ActiveCfg = Release|Any CPU
		{7614E658-F030-416B-8448-37412A1BB048}.Release|iPhone.Build.0 = Release|Any CPU
		{7614E658-F030-416B-8448-37412A1BB048}.Release|iPhoneSimulator.ActiveCfg = Release|Any CPU
		{7614E658-F030-416B-8448-37412A1BB048}.Release|iPhoneSimulator.Build.0 = Release|Any CPU
		{7614E658-F030-416B-8448-37412A1BB048}.Release|x64.ActiveCfg = Release|Any CPU
		{7614E658-F030-416B-8448-37412A1BB048}.Release|x64.Build.0 = Release|Any CPU
		{7614E658-F030-416B-8448-37412A1BB048}.Release|x86.ActiveCfg = Release|Any CPU
		{7614E658-F030-416B-8448-37412A1BB048}.Release|x86.Build.0 = Release|Any CPU
	EndGlobalSection
	GlobalSection(SolutionProperties) = preSolution
		HideSolutionNode = FALSE
	EndGlobalSection
	GlobalSection(NestedProjects) = preSolution
		{49734156-51D5-49AF-A30F-EBC2565B116A} = {D95BA78E-E085-4344-A008-6521C0A522E1}
		{163AF903-72EF-44C4-A1A2-D218754A6E97} = {D95BA78E-E085-4344-A008-6521C0A522E1}
		{FCAECCF5-FBB8-4C5F-9C6C-2C890A9A156E} = {D95BA78E-E085-4344-A008-6521C0A522E1}
	EndGlobalSection
EndGlobal
